<Solution>
  <Folder Name="/Solution items/">
    <File Path=".gitignore" />
    <File Path="README.md" />
  </Folder>
  <Project Path="dotNetAssignment.Tests/dotNetAssignment.Tests.csproj" Id="c4cfaa21-1a2f-4281-9e3c-d88f5d407a94" />
  <Project Path="dotNetAssignment/dotNetAssignment.csproj" Id="6672f8fd-9c18-4b95-a142-262ceba52703" />
</Solution>
